// !$*UTF8*$!
{
	archiveVersion = 1;
	classes = {
	};
	objectVersion = 56;
	objects = {

/* Begin PBXBuildFile section */
		060B26692A23DCBE00BEC143 /* SearchView.swift in Sources */ = {isa = PBXBuildFile; fileRef = 060B26682A23DCBE00BEC143 /* SearchView.swift */; };
		062CE0302A1CC98D00B5A530 /* MainPage.swift in Sources */ = {isa = PBXBuildFile; fileRef = 062CE02F2A1CC98D00B5A530 /* MainPage.swift */; };
		062CE0332A1CDDC800B5A530 /* Home.swift in Sources */ = {isa = PBXBuildFile; fileRef = 062CE0322A1CDDC800B5A530 /* Home.swift */; };
		062CE0362A1CECA700B5A530 /* Product.swift in Sources */ = {isa = PBXBuildFile; fileRef = 062CE0352A1CECA700B5A530 /* Product.swift */; };
		062CE0382A1CF0C500B5A530 /* HomeViewModel.swift in Sources */ = {isa = PBXBuildFile; fileRef = 062CE0372A1CF0C500B5A530 /* HomeViewModel.swift */; };
		0683E14E2A199B0800E60EC0 /* CustomCorners.swift in Sources */ = {isa = PBXBuildFile; fileRef = 0683E14D2A199B0800E60EC0 /* CustomCorners.swift */; };
		06968E3C2A19950600172744 /* LoginPage.swift in Sources */ = {isa = PBXBuildFile; fileRef = 06968E3B2A19950600172744 /* LoginPage.swift */; };
		06968E3F2A19956100172744 /* LoginPageModel.swift in Sources */ = {isa = PBXBuildFile; fileRef = 06968E3E2A19956100172744 /* LoginPageModel.swift */; };
		06B167372A23F09200B99DE6 /* StraggeredGrid.swift in Sources */ = {isa = PBXBuildFile; fileRef = 06B167362A23F09200B99DE6 /* StraggeredGrid.swift */; };
		06B167392A2415A600B99DE6 /* ProfilePage.swift in Sources */ = {isa = PBXBuildFile; fileRef = 06B167382A2415A500B99DE6 /* ProfilePage.swift */; };
		06BE300A29FD1F6D00515532 /* ecommerce_test_appApp.swift in Sources */ = {isa = PBXBuildFile; fileRef = 06BE300929FD1F6D00515532 /* ecommerce_test_appApp.swift */; };
		06BE300C29FD1F6D00515532 /* ContentView.swift in Sources */ = {isa = PBXBuildFile; fileRef = 06BE300B29FD1F6D00515532 /* ContentView.swift */; };
		06BE300E29FD1F7100515532 /* Assets.xcassets in Resources */ = {isa = PBXBuildFile; fileRef = 06BE300D29FD1F7100515532 /* Assets.xcassets */; };
		06BE301129FD1F7100515532 /* Preview Assets.xcassets in Resources */ = {isa = PBXBuildFile; fileRef = 06BE301029FD1F7100515532 /* Preview Assets.xcassets */; };
		06BE301B29FD1F7200515532 /* ecommerce_test_appTests.swift in Sources */ = {isa = PBXBuildFile; fileRef = 06BE301A29FD1F7200515532 /* ecommerce_test_appTests.swift */; };
		06BE302529FD1F7200515532 /* ecommerce_test_appUITests.swift in Sources */ = {isa = PBXBuildFile; fileRef = 06BE302429FD1F7200515532 /* ecommerce_test_appUITests.swift */; };
		06BE302729FD1F7200515532 /* ecommerce_test_appUITestsLaunchTests.swift in Sources */ = {isa = PBXBuildFile; fileRef = 06BE302629FD1F7200515532 /* ecommerce_test_appUITestsLaunchTests.swift */; };
		06BE303729FD264800515532 /* Raleway-Regular.ttf in Resources */ = {isa = PBXBuildFile; fileRef = 06BE303429FD264800515532 /* Raleway-Regular.ttf */; };
		06BE303829FD264800515532 /* Raleway-SemiBold.ttf in Resources */ = {isa = PBXBuildFile; fileRef = 06BE303529FD264800515532 /* Raleway-SemiBold.ttf */; };
		06BE303929FD264800515532 /* Raleway-Bold.ttf in Resources */ = {isa = PBXBuildFile; fileRef = 06BE303629FD264800515532 /* Raleway-Bold.ttf */; };
		06BE303E29FD28AC00515532 /* OnBoarding.swift in Sources */ = {isa = PBXBuildFile; fileRef = 06BE303D29FD28AC00515532 /* OnBoarding.swift */; };
		06BE304229FD448200515532 /* OnBoarding.png in Resources */ = {isa = PBXBuildFile; fileRef = 06BE304129FD448200515532 /* OnBoarding.png */; };
		06C573A72A23B5D3002F52C7 /* MoreProductsView.swift in Sources */ = {isa = PBXBuildFile; fileRef = 06C573A62A23B5D3002F52C7 /* MoreProductsView.swift */; };
		06FAA3B12A252778007E0087 /* ProductDetailView.swift in Sources */ = {isa = PBXBuildFile; fileRef = 06FAA3B02A252778007E0087 /* ProductDetailView.swift */; };
		06FAA3B32A2528BE007E0087 /* SharedDataModel.swift in Sources */ = {isa = PBXBuildFile; fileRef = 06FAA3B22A2528BE007E0087 /* SharedDataModel.swift */; };
/* End PBXBuildFile section */

/* Begin PBXContainerItemProxy section */
		06BE301729FD1F7200515532 /* PBXContainerItemProxy */ = {
			isa = PBXContainerItemProxy;
			containerPortal = 06BE2FFE29FD1F6C00515532 /* Project object */;
			proxyType = 1;
			remoteGlobalIDString = 06BE300529FD1F6D00515532;
			remoteInfo = ecommerce_test_app;
		};
		06BE302129FD1F7200515532 /* PBXContainerItemProxy */ = {
			isa = PBXContainerItemProxy;
			containerPortal = 06BE2FFE29FD1F6C00515532 /* Project object */;
			proxyType = 1;
			remoteGlobalIDString = 06BE300529FD1F6D00515532;
			remoteInfo = ecommerce_test_app;
		};
/* End PBXContainerItemProxy section */

/* Begin PBXFileReference section */
		060B26682A23DCBE00BEC143 /* SearchView.swift */ = {isa = PBXFileReference; lastKnownFileType = sourcecode.swift; path = SearchView.swift; sourceTree = "<group>"; };
		062CE02F2A1CC98D00B5A530 /* MainPage.swift */ = {isa = PBXFileReference; lastKnownFileType = sourcecode.swift; path = MainPage.swift; sourceTree = "<group>"; };
		062CE0322A1CDDC800B5A530 /* Home.swift */ = {isa = PBXFileReference; lastKnownFileType = sourcecode.swift; path = Home.swift; sourceTree = "<group>"; };
		062CE0352A1CECA700B5A530 /* Product.swift */ = {isa = PBXFileReference; lastKnownFileType = sourcecode.swift; path = Product.swift; sourceTree = "<group>"; };
		062CE0372A1CF0C500B5A530 /* HomeViewModel.swift */ = {isa = PBXFileReference; lastKnownFileType = sourcecode.swift; path = HomeViewModel.swift; sourceTree = "<group>"; };
		0683E14D2A199B0800E60EC0 /* CustomCorners.swift */ = {isa = PBXFileReference; lastKnownFileType = sourcecode.swift; path = CustomCorners.swift; sourceTree = "<group>"; };
		06968E3B2A19950600172744 /* LoginPage.swift */ = {isa = PBXFileReference; lastKnownFileType = sourcecode.swift; path = LoginPage.swift; sourceTree = "<group>"; };
		06968E3E2A19956100172744 /* LoginPageModel.swift */ = {isa = PBXFileReference; lastKnownFileType = sourcecode.swift; path = LoginPageModel.swift; sourceTree = "<group>"; };
		06B167362A23F09200B99DE6 /* StraggeredGrid.swift */ = {isa = PBXFileReference; lastKnownFileType = sourcecode.swift; path = StraggeredGrid.swift; sourceTree = "<group>"; };
		06B167382A2415A500B99DE6 /* ProfilePage.swift */ = {isa = PBXFileReference; lastKnownFileType = sourcecode.swift; path = ProfilePage.swift; sourceTree = "<group>"; };
		06BE300629FD1F6D00515532 /* ecommerce_test_app.app */ = {isa = PBXFileReference; explicitFileType = wrapper.application; includeInIndex = 0; path = ecommerce_test_app.app; sourceTree = BUILT_PRODUCTS_DIR; };
		06BE300929FD1F6D00515532 /* ecommerce_test_appApp.swift */ = {isa = PBXFileReference; lastKnownFileType = sourcecode.swift; path = ecommerce_test_appApp.swift; sourceTree = "<group>"; };
		06BE300B29FD1F6D00515532 /* ContentView.swift */ = {isa = PBXFileReference; lastKnownFileType = sourcecode.swift; path = ContentView.swift; sourceTree = "<group>"; };
		06BE300D29FD1F7100515532 /* Assets.xcassets */ = {isa = PBXFileReference; lastKnownFileType = folder.assetcatalog; path = Assets.xcassets; sourceTree = "<group>"; };
		06BE301029FD1F7100515532 /* Preview Assets.xcassets */ = {isa = PBXFileReference; lastKnownFileType = folder.assetcatalog; path = "Preview Assets.xcassets"; sourceTree = "<group>"; };
		06BE301629FD1F7200515532 /* ecommerce_test_appTests.xctest */ = {isa = PBXFileReference; explicitFileType = wrapper.cfbundle; includeInIndex = 0; path = ecommerce_test_appTests.xctest; sourceTree = BUILT_PRODUCTS_DIR; };
		06BE301A29FD1F7200515532 /* ecommerce_test_appTests.swift */ = {isa = PBXFileReference; lastKnownFileType = sourcecode.swift; path = ecommerce_test_appTests.swift; sourceTree = "<group>"; };
		06BE302029FD1F7200515532 /* ecommerce_test_appUITests.xctest */ = {isa = PBXFileReference; explicitFileType = wrapper.cfbundle; includeInIndex = 0; path = ecommerce_test_appUITests.xctest; sourceTree = BUILT_PRODUCTS_DIR; };
		06BE302429FD1F7200515532 /* ecommerce_test_appUITests.swift */ = {isa = PBXFileReference; lastKnownFileType = sourcecode.swift; path = ecommerce_test_appUITests.swift; sourceTree = "<group>"; };
		06BE302629FD1F7200515532 /* ecommerce_test_appUITestsLaunchTests.swift */ = {isa = PBXFileReference; lastKnownFileType = sourcecode.swift; path = ecommerce_test_appUITestsLaunchTests.swift; sourceTree = "<group>"; };
		06BE303429FD264800515532 /* Raleway-Regular.ttf */ = {isa = PBXFileReference; lastKnownFileType = file; name = "Raleway-Regular.ttf"; path = "../../../../../Downloads/Raleway/static/Raleway-Regular.ttf"; sourceTree = "<group>"; };
		06BE303529FD264800515532 /* Raleway-SemiBold.ttf */ = {isa = PBXFileReference; lastKnownFileType = file; name = "Raleway-SemiBold.ttf"; path = "../../../../../Downloads/Raleway/static/Raleway-SemiBold.ttf"; sourceTree = "<group>"; };
		06BE303629FD264800515532 /* Raleway-Bold.ttf */ = {isa = PBXFileReference; lastKnownFileType = file; name = "Raleway-Bold.ttf"; path = "../../../../../Downloads/Raleway/static/Raleway-Bold.ttf"; sourceTree = "<group>"; };
		06BE303A29FD268400515532 /* ecommerce-test-app-Info.plist */ = {isa = PBXFileReference; lastKnownFileType = text.plist; path = "ecommerce-test-app-Info.plist"; sourceTree = SOURCE_ROOT; };
		06BE303D29FD28AC00515532 /* OnBoarding.swift */ = {isa = PBXFileReference; lastKnownFileType = sourcecode.swift; path = OnBoarding.swift; sourceTree = "<group>"; };
		06BE304129FD448200515532 /* OnBoarding.png */ = {isa = PBXFileReference; lastKnownFileType = image.png; name = OnBoarding.png; path = Assets.xcassets/Logo.imageset/OnBoarding.png; sourceTree = "<group>"; };
		06C573A62A23B5D3002F52C7 /* MoreProductsView.swift */ = {isa = PBXFileReference; lastKnownFileType = sourcecode.swift; path = MoreProductsView.swift; sourceTree = "<group>"; };
		06FAA3B02A252778007E0087 /* ProductDetailView.swift */ = {isa = PBXFileReference; lastKnownFileType = sourcecode.swift; path = ProductDetailView.swift; sourceTree = "<group>"; };
		06FAA3B22A2528BE007E0087 /* SharedDataModel.swift */ = {isa = PBXFileReference; lastKnownFileType = sourcecode.swift; path = SharedDataModel.swift; sourceTree = "<group>"; };
/* End PBXFileReference section */

/* Begin PBXFrameworksBuildPhase section */
		06BE300329FD1F6D00515532 /* Frameworks */ = {
			isa = PBXFrameworksBuildPhase;
			buildActionMask = 2147483647;
			files = (
			);
			runOnlyForDeploymentPostprocessing = 0;
		};
		06BE301329FD1F7200515532 /* Frameworks */ = {
			isa = PBXFrameworksBuildPhase;
			buildActionMask = 2147483647;
			files = (
			);
			runOnlyForDeploymentPostprocessing = 0;
		};
		06BE301D29FD1F7200515532 /* Frameworks */ = {
			isa = PBXFrameworksBuildPhase;
			buildActionMask = 2147483647;
			files = (
			);
			runOnlyForDeploymentPostprocessing = 0;
		};
/* End PBXFrameworksBuildPhase section */

/* Begin PBXGroup section */
		062CE0312A1CDDA100B5A530 /* TabViews */ = {
			isa = PBXGroup;
			children = (
				062CE0322A1CDDC800B5A530 /* Home.swift */,
				06B167382A2415A500B99DE6 /* ProfilePage.swift */,
			);
			path = TabViews;
			sourceTree = "<group>";
		};
		062CE0342A1CEC5D00B5A530 /* Model */ = {
			isa = PBXGroup;
			children = (
				062CE0352A1CECA700B5A530 /* Product.swift */,
			);
			path = Model;
			sourceTree = "<group>";
		};
		06968E3D2A19953E00172744 /* ViewModel */ = {
			isa = PBXGroup;
			children = (
				06968E3E2A19956100172744 /* LoginPageModel.swift */,
				062CE0372A1CF0C500B5A530 /* HomeViewModel.swift */,
				06FAA3B22A2528BE007E0087 /* SharedDataModel.swift */,
			);
			path = ViewModel;
			sourceTree = "<group>";
		};
		06BE2FFD29FD1F6C00515532 = {
			isa = PBXGroup;
			children = (
				06BE300829FD1F6D00515532 /* ecommerce_test_app */,
				06BE301929FD1F7200515532 /* ecommerce_test_appTests */,
				06BE302329FD1F7200515532 /* ecommerce_test_appUITests */,
				06BE300729FD1F6D00515532 /* Products */,
			);
			sourceTree = "<group>";
		};
		06BE300729FD1F6D00515532 /* Products */ = {
			isa = PBXGroup;
			children = (
				06BE300629FD1F6D00515532 /* ecommerce_test_app.app */,
				06BE301629FD1F7200515532 /* ecommerce_test_appTests.xctest */,
				06BE302029FD1F7200515532 /* ecommerce_test_appUITests.xctest */,
			);
			name = Products;
			sourceTree = "<group>";
		};
		06BE300829FD1F6D00515532 /* ecommerce_test_app */ = {
			isa = PBXGroup;
			children = (
				062CE0342A1CEC5D00B5A530 /* Model */,
				06968E3D2A19953E00172744 /* ViewModel */,
				06BE304129FD448200515532 /* OnBoarding.png */,
				06BE300F29FD1F7100515532 /* Preview Content */,
				06BE303B29FD27D900515532 /* View */,
				06BE303329FD25DF00515532 /* Fonts */,
				06BE300929FD1F6D00515532 /* ecommerce_test_appApp.swift */,
				06BE300B29FD1F6D00515532 /* ContentView.swift */,
				06BE300D29FD1F7100515532 /* Assets.xcassets */,
				06BE303A29FD268400515532 /* ecommerce-test-app-Info.plist */,
			);
			path = ecommerce_test_app;
			sourceTree = "<group>";
		};
		06BE300F29FD1F7100515532 /* Preview Content */ = {
			isa = PBXGroup;
			children = (
				06BE301029FD1F7100515532 /* Preview Assets.xcassets */,
			);
			path = "Preview Content";
			sourceTree = "<group>";
		};
		06BE301929FD1F7200515532 /* ecommerce_test_appTests */ = {
			isa = PBXGroup;
			children = (
				06BE301A29FD1F7200515532 /* ecommerce_test_appTests.swift */,
			);
			path = ecommerce_test_appTests;
			sourceTree = "<group>";
		};
		06BE302329FD1F7200515532 /* ecommerce_test_appUITests */ = {
			isa = PBXGroup;
			children = (
				06BE302429FD1F7200515532 /* ecommerce_test_appUITests.swift */,
				06BE302629FD1F7200515532 /* ecommerce_test_appUITestsLaunchTests.swift */,
			);
			path = ecommerce_test_appUITests;
			sourceTree = "<group>";
		};
		06BE303329FD25DF00515532 /* Fonts */ = {
			isa = PBXGroup;
			children = (
				06BE303629FD264800515532 /* Raleway-Bold.ttf */,
				06BE303429FD264800515532 /* Raleway-Regular.ttf */,
				06BE303529FD264800515532 /* Raleway-SemiBold.ttf */,
			);
			path = Fonts;
			sourceTree = "<group>";
		};
		06BE303B29FD27D900515532 /* View */ = {
			isa = PBXGroup;
			children = (
				062CE0312A1CDDA100B5A530 /* TabViews */,
				06BE303D29FD28AC00515532 /* OnBoarding.swift */,
				06968E3B2A19950600172744 /* LoginPage.swift */,
				0683E14D2A199B0800E60EC0 /* CustomCorners.swift */,
				062CE02F2A1CC98D00B5A530 /* MainPage.swift */,
				06C573A62A23B5D3002F52C7 /* MoreProductsView.swift */,
				060B26682A23DCBE00BEC143 /* SearchView.swift */,
				06B167362A23F09200B99DE6 /* StraggeredGrid.swift */,
				06FAA3B02A252778007E0087 /* ProductDetailView.swift */,
			);
			path = View;
			sourceTree = "<group>";
		};
/* End PBXGroup section */

/* Begin PBXNativeTarget section */
		06BE300529FD1F6D00515532 /* ecommerce_test_app */ = {
			isa = PBXNativeTarget;
			buildConfigurationList = 06BE302A29FD1F7200515532 /* Build configuration list for PBXNativeTarget "ecommerce_test_app" */;
			buildPhases = (
				06BE300229FD1F6D00515532 /* Sources */,
				06BE300329FD1F6D00515532 /* Frameworks */,
				06BE300429FD1F6D00515532 /* Resources */,
			);
			buildRules = (
			);
			dependencies = (
			);
			name = ecommerce_test_app;
			productName = ecommerce_test_app;
			productReference = 06BE300629FD1F6D00515532 /* ecommerce_test_app.app */;
			productType = "com.apple.product-type.application";
		};
		06BE301529FD1F7200515532 /* ecommerce_test_appTests */ = {
			isa = PBXNativeTarget;
			buildConfigurationList = 06BE302D29FD1F7200515532 /* Build configuration list for PBXNativeTarget "ecommerce_test_appTests" */;
			buildPhases = (
				06BE301229FD1F7200515532 /* Sources */,
				06BE301329FD1F7200515532 /* Frameworks */,
				06BE301429FD1F7200515532 /* Resources */,
			);
			buildRules = (
			);
			dependencies = (
				06BE301829FD1F7200515532 /* PBXTargetDependency */,
			);
			name = ecommerce_test_appTests;
			productName = ecommerce_test_appTests;
			productReference = 06BE301629FD1F7200515532 /* ecommerce_test_appTests.xctest */;
			productType = "com.apple.product-type.bundle.unit-test";
		};
		06BE301F29FD1F7200515532 /* ecommerce_test_appUITests */ = {
			isa = PBXNativeTarget;
			buildConfigurationList = 06BE303029FD1F7200515532 /* Build configuration list for PBXNativeTarget "ecommerce_test_appUITests" */;
			buildPhases = (
				06BE301C29FD1F7200515532 /* Sources */,
				06BE301D29FD1F7200515532 /* Frameworks */,
				06BE301E29FD1F7200515532 /* Resources */,
			);
			buildRules = (
			);
			dependencies = (
				06BE302229FD1F7200515532 /* PBXTargetDependency */,
			);
			name = ecommerce_test_appUITests;
			productName = ecommerce_test_appUITests;
			productReference = 06BE302029FD1F7200515532 /* ecommerce_test_appUITests.xctest */;
			productType = "com.apple.product-type.bundle.ui-testing";
		};
/* End PBXNativeTarget section */

/* Begin PBXProject section */
		06BE2FFE29FD1F6C00515532 /* Project object */ = {
			isa = PBXProject;
			attributes = {
				BuildIndependentTargetsInParallel = 1;
				LastSwiftUpdateCheck = 1420;
				LastUpgradeCheck = 1420;
				TargetAttributes = {
					06BE300529FD1F6D00515532 = {
						CreatedOnToolsVersion = 14.2;
					};
					06BE301529FD1F7200515532 = {
						CreatedOnToolsVersion = 14.2;
						TestTargetID = 06BE300529FD1F6D00515532;
					};
					06BE301F29FD1F7200515532 = {
						CreatedOnToolsVersion = 14.2;
						TestTargetID = 06BE300529FD1F6D00515532;
					};
				};
			};
			buildConfigurationList = 06BE300129FD1F6C00515532 /* Build configuration list for PBXProject "ecommerce_test_app" */;
			compatibilityVersion = "Xcode 14.0";
			developmentRegion = en;
			hasScannedForEncodings = 0;
			knownRegions = (
				en,
				Base,
			);
			mainGroup = 06BE2FFD29FD1F6C00515532;
			productRefGroup = 06BE300729FD1F6D00515532 /* Products */;
			projectDirPath = "";
			projectRoot = "";
			targets = (
				06BE300529FD1F6D00515532 /* ecommerce_test_app */,
				06BE301529FD1F7200515532 /* ecommerce_test_appTests */,
				06BE301F29FD1F7200515532 /* ecommerce_test_appUITests */,
			);
		};
/* End PBXProject section */

/* Begin PBXResourcesBuildPhase section */
		06BE300429FD1F6D00515532 /* Resources */ = {
			isa = PBXResourcesBuildPhase;
			buildActionMask = 2147483647;
			files = (
				06BE304229FD448200515532 /* OnBoarding.png in Resources */,
				06BE301129FD1F7100515532 /* Preview Assets.xcassets in Resources */,
				06BE303829FD264800515532 /* Raleway-SemiBold.ttf in Resources */,
				06BE303729FD264800515532 /* Raleway-Regular.ttf in Resources */,
				06BE303929FD264800515532 /* Raleway-Bold.ttf in Resources */,
				06BE300E29FD1F7100515532 /* Assets.xcassets in Resources */,
			);
			runOnlyForDeploymentPostprocessing = 0;
		};
		06BE301429FD1F7200515532 /* Resources */ = {
			isa = PBXResourcesBuildPhase;
			buildActionMask = 2147483647;
			files = (
			);
			runOnlyForDeploymentPostprocessing = 0;
		};
		06BE301E29FD1F7200515532 /* Resources */ = {
			isa = PBXResourcesBuildPhase;
			buildActionMask = 2147483647;
			files = (
			);
			runOnlyForDeploymentPostprocessing = 0;
		};
/* End PBXResourcesBuildPhase section */

/* Begin PBXSourcesBuildPhase section */
		06BE300229FD1F6D00515532 /* Sources */ = {
			isa = PBXSourcesBuildPhase;
			buildActionMask = 2147483647;
			files = (
				06968E3C2A19950600172744 /* LoginPage.swift in Sources */,
				06C573A72A23B5D3002F52C7 /* MoreProductsView.swift in Sources */,
				06FAA3B32A2528BE007E0087 /* SharedDataModel.swift in Sources */,
				0683E14E2A199B0800E60EC0 /* CustomCorners.swift in Sources */,
				062CE0362A1CECA700B5A530 /* Product.swift in Sources */,
				060B26692A23DCBE00BEC143 /* SearchView.swift in Sources */,
				062CE0382A1CF0C500B5A530 /* HomeViewModel.swift in Sources */,
				06968E3F2A19956100172744 /* LoginPageModel.swift in Sources */,
				06BE300C29FD1F6D00515532 /* ContentView.swift in Sources */,
				06BE303E29FD28AC00515532 /* OnBoarding.swift in Sources */,
				062CE0302A1CC98D00B5A530 /* MainPage.swift in Sources */,
				06B167392A2415A600B99DE6 /* ProfilePage.swift in Sources */,
				06FAA3B12A252778007E0087 /* ProductDetailView.swift in Sources */,
				06B167372A23F09200B99DE6 /* StraggeredGrid.swift in Sources */,
				062CE0332A1CDDC800B5A530 /* Home.swift in Sources */,
				06BE300A29FD1F6D00515532 /* ecommerce_test_appApp.swift in Sources */,
			);
			runOnlyForDeploymentPostprocessing = 0;
		};
		06BE301229FD1F7200515532 /* Sources */ = {
			isa = PBXSourcesBuildPhase;
			buildActionMask = 2147483647;
			files = (
				06BE301B29FD1F7200515532 /* ecommerce_test_appTests.swift in Sources */,
			);
			runOnlyForDeploymentPostprocessing = 0;
		};
		06BE301C29FD1F7200515532 /* Sources */ = {
			isa = PBXSourcesBuildPhase;
			buildActionMask = 2147483647;
			files = (
				06BE302529FD1F7200515532 /* ecommerce_test_appUITests.swift in Sources */,
				06BE302729FD1F7200515532 /* ecommerce_test_appUITestsLaunchTests.swift in Sources */,
			);
			runOnlyForDeploymentPostprocessing = 0;
		};
/* End PBXSourcesBuildPhase section */

/* Begin PBXTargetDependency section */
		06BE301829FD1F7200515532 /* PBXTargetDependency */ = {
			isa = PBXTargetDependency;
			target = 06BE300529FD1F6D00515532 /* ecommerce_test_app */;
			targetProxy = 06BE301729FD1F7200515532 /* PBXContainerItemProxy */;
		};
		06BE302229FD1F7200515532 /* PBXTargetDependency */ = {
			isa = PBXTargetDependency;
			target = 06BE300529FD1F6D00515532 /* ecommerce_test_app */;
			targetProxy = 06BE302129FD1F7200515532 /* PBXContainerItemProxy */;
		};
/* End PBXTargetDependency section */

/* Begin XCBuildConfiguration section */
		06BE302829FD1F7200515532 /* Debug */ = {
			isa = XCBuildConfiguration;
			buildSettings = {
				ALWAYS_SEARCH_USER_PATHS = NO;
				CLANG_ANALYZER_NONNULL = YES;
				CLANG_ANALYZER_NUMBER_OBJECT_CONVERSION = YES_AGGRESSIVE;
				CLANG_CXX_LANGUAGE_STANDARD = "gnu++20";
				CLANG_ENABLE_MODULES = YES;
				CLANG_ENABLE_OBJC_ARC = YES;
				CLANG_ENABLE_OBJC_WEAK = YES;
				CLANG_WARN_BLOCK_CAPTURE_AUTORELEASING = YES;
				CLANG_WARN_BOOL_CONVERSION = YES;
				CLANG_WARN_COMMA = YES;
				CLANG_WARN_CONSTANT_CONVERSION = YES;
				CLANG_WARN_DEPRECATED_OBJC_IMPLEMENTATIONS = YES;
				CLANG_WARN_DIRECT_OBJC_ISA_USAGE = YES_ERROR;
				CLANG_WARN_DOCUMENTATION_COMMENTS = YES;
				CLANG_WARN_EMPTY_BODY = YES;
				CLANG_WARN_ENUM_CONVERSION = YES;
				CLANG_WARN_INFINITE_RECURSION = YES;
				CLANG_WARN_INT_CONVERSION = YES;
				CLANG_WARN_NON_LITERAL_NULL_CONVERSION = YES;
				CLANG_WARN_OBJC_IMPLICIT_RETAIN_SELF = YES;
				CLANG_WARN_OBJC_LITERAL_CONVERSION = YES;
				CLANG_WARN_OBJC_ROOT_CLASS = YES_ERROR;
				CLANG_WARN_QUOTED_INCLUDE_IN_FRAMEWORK_HEADER = YES;
				CLANG_WARN_RANGE_LOOP_ANALYSIS = YES;
				CLANG_WARN_STRICT_PROTOTYPES = YES;
				CLANG_WARN_SUSPICIOUS_MOVE = YES;
				CLANG_WARN_UNGUARDED_AVAILABILITY = YES_AGGRESSIVE;
				CLANG_WARN_UNREACHABLE_CODE = YES;
				CLANG_WARN__DUPLICATE_METHOD_MATCH = YES;
				COPY_PHASE_STRIP = NO;
				DEBUG_INFORMATION_FORMAT = dwarf;
				ENABLE_STRICT_OBJC_MSGSEND = YES;
				ENABLE_TESTABILITY = YES;
				GCC_C_LANGUAGE_STANDARD = gnu11;
				GCC_DYNAMIC_NO_PIC = NO;
				GCC_NO_COMMON_BLOCKS = YES;
				GCC_OPTIMIZATION_LEVEL = 0;
				GCC_PREPROCESSOR_DEFINITIONS = (
					"DEBUG=1",
					"$(inherited)",
				);
				GCC_WARN_64_TO_32_BIT_CONVERSION = YES;
				GCC_WARN_ABOUT_RETURN_TYPE = YES_ERROR;
				GCC_WARN_UNDECLARED_SELECTOR = YES;
				GCC_WARN_UNINITIALIZED_AUTOS = YES_AGGRESSIVE;
				GCC_WARN_UNUSED_FUNCTION = YES;
				GCC_WARN_UNUSED_VARIABLE = YES;
				IPHONEOS_DEPLOYMENT_TARGET = 16.2;
				MTL_ENABLE_DEBUG_INFO = INCLUDE_SOURCE;
				MTL_FAST_MATH = YES;
				ONLY_ACTIVE_ARCH = YES;
				SDKROOT = iphoneos;
				SWIFT_ACTIVE_COMPILATION_CONDITIONS = DEBUG;
				SWIFT_OPTIMIZATION_LEVEL = "-Onone";
			};
			name = Debug;
		};
		06BE302929FD1F7200515532 /* Release */ = {
			isa = XCBuildConfiguration;
			buildSettings = {
				ALWAYS_SEARCH_USER_PATHS = NO;
				CLANG_ANALYZER_NONNULL = YES;
				CLANG_ANALYZER_NUMBER_OBJECT_CONVERSION = YES_AGGRESSIVE;
				CLANG_CXX_LANGUAGE_STANDARD = "gnu++20";
				CLANG_ENABLE_MODULES = YES;
				CLANG_ENABLE_OBJC_ARC = YES;
				CLANG_ENABLE_OBJC_WEAK = YES;
				CLANG_WARN_BLOCK_CAPTURE_AUTORELEASING = YES;
				CLANG_WARN_BOOL_CONVERSION = YES;
				CLANG_WARN_COMMA = YES;
				CLANG_WARN_CONSTANT_CONVERSION = YES;
				CLANG_WARN_DEPRECATED_OBJC_IMPLEMENTATIONS = YES;
				CLANG_WARN_DIRECT_OBJC_ISA_USAGE = YES_ERROR;
				CLANG_WARN_DOCUMENTATION_COMMENTS = YES;
				CLANG_WARN_EMPTY_BODY = YES;
				CLANG_WARN_ENUM_CONVERSION = YES;
				CLANG_WARN_INFINITE_RECURSION = YES;
				CLANG_WARN_INT_CONVERSION = YES;
				CLANG_WARN_NON_LITERAL_NULL_CONVERSION = YES;
				CLANG_WARN_OBJC_IMPLICIT_RETAIN_SELF = YES;
				CLANG_WARN_OBJC_LITERAL_CONVERSION = YES;
				CLANG_WARN_OBJC_ROOT_CLASS = YES_ERROR;
				CLANG_WARN_QUOTED_INCLUDE_IN_FRAMEWORK_HEADER = YES;
				CLANG_WARN_RANGE_LOOP_ANALYSIS = YES;
				CLANG_WARN_STRICT_PROTOTYPES = YES;
				CLANG_WARN_SUSPICIOUS_MOVE = YES;
				CLANG_WARN_UNGUARDED_AVAILABILITY = YES_AGGRESSIVE;
				CLANG_WARN_UNREACHABLE_CODE = YES;
				CLANG_WARN__DUPLICATE_METHOD_MATCH = YES;
				COPY_PHASE_STRIP = NO;
				DEBUG_INFORMATION_FORMAT = "dwarf-with-dsym";
				ENABLE_NS_ASSERTIONS = NO;
				ENABLE_STRICT_OBJC_MSGSEND = YES;
				GCC_C_LANGUAGE_STANDARD = gnu11;
				GCC_NO_COMMON_BLOCKS = YES;
				GCC_WARN_64_TO_32_BIT_CONVERSION = YES;
				GCC_WARN_ABOUT_RETURN_TYPE = YES_ERROR;
				GCC_WARN_UNDECLARED_SELECTOR = YES;
				GCC_WARN_UNINITIALIZED_AUTOS = YES_AGGRESSIVE;
				GCC_WARN_UNUSED_FUNCTION = YES;
				GCC_WARN_UNUSED_VARIABLE = YES;
				IPHONEOS_DEPLOYMENT_TARGET = 16.2;
				MTL_ENABLE_DEBUG_INFO = NO;
				MTL_FAST_MATH = YES;
				SDKROOT = iphoneos;
				SWIFT_COMPILATION_MODE = wholemodule;
				SWIFT_OPTIMIZATION_LEVEL = "-O";
				VALIDATE_PRODUCT = YES;
			};
			name = Release;
		};
		06BE302B29FD1F7200515532 /* Debug */ = {
			isa = XCBuildConfiguration;
			buildSettings = {
				ASSETCATALOG_COMPILER_APPICON_NAME = AppIcon;
				ASSETCATALOG_COMPILER_GLOBAL_ACCENT_COLOR_NAME = AccentColor;
				CODE_SIGN_STYLE = Automatic;
				CURRENT_PROJECT_VERSION = 1;
				DEVELOPMENT_ASSET_PATHS = "\"ecommerce_test_app/Preview Content\"";
				DEVELOPMENT_TEAM = 933QUJL8RZ;
				ENABLE_PREVIEWS = YES;
				GENERATE_INFOPLIST_FILE = YES;
				INFOPLIST_FILE = "ecommerce-test-app-Info.plist";
				INFOPLIST_KEY_UIApplicationSupportsIndirectInputEvents = YES;
				INFOPLIST_KEY_UILaunchScreen_Generation = YES;
				INFOPLIST_KEY_UISupportedInterfaceOrientations_iPad = "UIInterfaceOrientationPortrait UIInterfaceOrientationPortraitUpsideDown UIInterfaceOrientationLandscapeLeft UIInterfaceOrientationLandscapeRight";
				INFOPLIST_KEY_UISupportedInterfaceOrientations_iPhone = "UIInterfaceOrientationPortrait UIInterfaceOrientationLandscapeLeft UIInterfaceOrientationLandscapeRight";
				LD_RUNPATH_SEARCH_PATHS = (
					"$(inherited)",
					"@executable_path/Frameworks",
				);
				MARKETING_VERSION = 1.0;
				PRODUCT_BUNDLE_IDENTIFIER = "mkgone.ecommerce-test-app";
				PRODUCT_NAME = "$(TARGET_NAME)";
				SWIFT_EMIT_LOC_STRINGS = YES;
				SWIFT_VERSION = 5.0;
				TARGETED_DEVICE_FAMILY = "1,2";
			};
			name = Debug;
		};
		06BE302C29FD1F7200515532 /* Release */ = {
			isa = XCBuildConfiguration;
			buildSettings = {
				ASSETCATALOG_COMPILER_APPICON_NAME = AppIcon;
				ASSETCATALOG_COMPILER_GLOBAL_ACCENT_COLOR_NAME = AccentColor;
				CODE_SIGN_STYLE = Automatic;
				CURRENT_PROJECT_VERSION = 1;
				DEVELOPMENT_ASSET_PATHS = "\"ecommerce_test_app/Preview Content\"";
				DEVELOPMENT_TEAM = 933QUJL8RZ;
				ENABLE_PREVIEWS = YES;
				GENERATE_INFOPLIST_FILE = YES;
				INFOPLIST_FILE = "ecommerce-test-app-Info.plist";
				INFOPLIST_KEY_UIApplicationSupportsIndirectInputEvents = YES;
				INFOPLIST_KEY_UILaunchScreen_Generation = YES;
				INFOPLIST_KEY_UISupportedInterfaceOrientations_iPad = "UIInterfaceOrientationPortrait UIInterfaceOrientationPortraitUpsideDown UIInterfaceOrientationLandscapeLeft UIInterfaceOrientationLandscapeRight";
				INFOPLIST_KEY_UISupportedInterfaceOrientations_iPhone = "UIInterfaceOrientationPortrait UIInterfaceOrientationLandscapeLeft UIInterfaceOrientationLandscapeRight";
				LD_RUNPATH_SEARCH_PATHS = (
					"$(inherited)",
					"@executable_path/Frameworks",
				);
				MARKETING_VERSION = 1.0;
				PRODUCT_BUNDLE_IDENTIFIER = "mkgone.ecommerce-test-app";
				PRODUCT_NAME = "$(TARGET_NAME)";
				SWIFT_EMIT_LOC_STRINGS = YES;
				SWIFT_VERSION = 5.0;
				TARGETED_DEVICE_FAMILY = "1,2";
			};
			name = Release;
		};
		06BE302E29FD1F7200515532 /* Debug */ = {
			isa = XCBuildConfiguration;
			buildSettings = {
				ALWAYS_EMBED_SWIFT_STANDARD_LIBRARIES = YES;
				BUNDLE_LOADER = "$(TEST_HOST)";
				CODE_SIGN_STYLE = Automatic;
				CURRENT_PROJECT_VERSION = 1;
				GENERATE_INFOPLIST_FILE = YES;
				IPHONEOS_DEPLOYMENT_TARGET = 16.2;
				MARKETING_VERSION = 1.0;
				PRODUCT_BUNDLE_IDENTIFIER = "mkgone.ecommerce-test-appTests";
				PRODUCT_NAME = "$(TARGET_NAME)";
				SWIFT_EMIT_LOC_STRINGS = NO;
				SWIFT_VERSION = 5.0;
				TARGETED_DEVICE_FAMILY = "1,2";
				TEST_HOST = "$(BUILT_PRODUCTS_DIR)/ecommerce_test_app.app/$(BUNDLE_EXECUTABLE_FOLDER_PATH)/ecommerce_test_app";
			};
			name = Debug;
		};
		06BE302F29FD1F7200515532 /* Release */ = {
			isa = XCBuildConfiguration;
			buildSettings = {
				ALWAYS_EMBED_SWIFT_STANDARD_LIBRARIES = YES;
				BUNDLE_LOADER = "$(TEST_HOST)";
				CODE_SIGN_STYLE = Automatic;
				CURRENT_PROJECT_VERSION = 1;
				GENERATE_INFOPLIST_FILE = YES;
				IPHONEOS_DEPLOYMENT_TARGET = 16.2;
				MARKETING_VERSION = 1.0;
				PRODUCT_BUNDLE_IDENTIFIER = "mkgone.ecommerce-test-appTests";
				PRODUCT_NAME = "$(TARGET_NAME)";
				SWIFT_EMIT_LOC_STRINGS = NO;
				SWIFT_VERSION = 5.0;
				TARGETED_DEVICE_FAMILY = "1,2";
				TEST_HOST = "$(BUILT_PRODUCTS_DIR)/ecommerce_test_app.app/$(BUNDLE_EXECUTABLE_FOLDER_PATH)/ecommerce_test_app";
			};
			name = Release;
		};
		06BE303129FD1F7200515532 /* Debug */ = {
			isa = XCBuildConfiguration;
			buildSettings = {
				ALWAYS_EMBED_SWIFT_STANDARD_LIBRARIES = YES;
				CODE_SIGN_STYLE = Automatic;
				CURRENT_PROJECT_VERSION = 1;
				GENERATE_INFOPLIST_FILE = YES;
				MARKETING_VERSION = 1.0;
				PRODUCT_BUNDLE_IDENTIFIER = "mkgone.ecommerce-test-appUITests";
				PRODUCT_NAME = "$(TARGET_NAME)";
				SWIFT_EMIT_LOC_STRINGS = NO;
				SWIFT_VERSION = 5.0;
				TARGETED_DEVICE_FAMILY = "1,2";
				TEST_TARGET_NAME = ecommerce_test_app;
			};
			name = Debug;
		};
		06BE303229FD1F7200515532 /* Release */ = {
			isa = XCBuildConfiguration;
			buildSettings = {
				ALWAYS_EMBED_SWIFT_STANDARD_LIBRARIES = YES;
				CODE_SIGN_STYLE = Automatic;
				CURRENT_PROJECT_VERSION = 1;
				GENERATE_INFOPLIST_FILE = YES;
				MARKETING_VERSION = 1.0;
				PRODUCT_BUNDLE_IDENTIFIER = "mkgone.ecommerce-test-appUITests";
				PRODUCT_NAME = "$(TARGET_NAME)";
				SWIFT_EMIT_LOC_STRINGS = NO;
				SWIFT_VERSION = 5.0;
				TARGETED_DEVICE_FAMILY = "1,2";
				TEST_TARGET_NAME = ecommerce_test_app;
			};
			name = Release;
		};
/* End XCBuildConfiguration section */

/* Begin XCConfigurationList section */
		06BE300129FD1F6C00515532 /* Build configuration list for PBXProject "ecommerce_test_app" */ = {
			isa = XCConfigurationList;
			buildConfigurations = (
				06BE302829FD1F7200515532 /* Debug */,
				06BE302929FD1F7200515532 /* Release */,
			);
			defaultConfigurationIsVisible = 0;
			defaultConfigurationName = Release;
		};
		06BE302A29FD1F7200515532 /* Build configuration list for PBXNativeTarget "ecommerce_test_app" */ = {
			isa = XCConfigurationList;
			buildConfigurations = (
				06BE302B29FD1F7200515532 /* Debug */,
				06BE302C29FD1F7200515532 /* Release */,
			);
			defaultConfigurationIsVisible = 0;
			defaultConfigurationName = Release;
		};
		06BE302D29FD1F7200515532 /* Build configuration list for PBXNativeTarget "ecommerce_test_appTests" */ = {
			isa = XCConfigurationList;
			buildConfigurations = (
				06BE302E29FD1F7200515532 /* Debug */,
				06BE302F29FD1F7200515532 /* Release */,
			);
			defaultConfigurationIsVisible = 0;
			defaultConfigurationName = Release;
		};
		06BE303029FD1F7200515532 /* Build configuration list for PBXNativeTarget "ecommerce_test_appUITests" */ = {
			isa = XCConfigurationList;
			buildConfigurations = (
				06BE303129FD1F7200515532 /* Debug */,
				06BE303229FD1F7200515532 /* Release */,
			);
			defaultConfigurationIsVisible = 0;
			defaultConfigurationName = Release;
		};
/* End XCConfigurationList section */
	};
	rootObject = 06BE2FFE29FD1F6C00515532 /* Project object */;
}
